// !$*UTF8*$!
{
	archiveVersion = 1;
	classes = {
	};
	objectVersion = 46;
	objects = {

/* Begin PBXBuildFile section */
		6D29D4D11C5853D90003C724 /* main.m in Sources */ = {isa = PBXBuildFile; fileRef = 6D29D4D01C5853D90003C724 /* main.m */; };
		6D29D4D41C5853D90003C724 /* AppDelegate.m in Sources */ = {isa = PBXBuildFile; fileRef = 6D29D4D31C5853D90003C724 /* AppDelegate.m */; };
		6D29D4D71C5853D90003C724 /* ViewController.m in Sources */ = {isa = PBXBuildFile; fileRef = 6D29D4D61C5853D90003C724 /* ViewController.m */; };
		6D29D4DA1C5853D90003C724 /* Main.storyboard in Resources */ = {isa = PBXBuildFile; fileRef = 6D29D4D81C5853D90003C724 /* Main.storyboard */; };
		6D29D4DC1C5853D90003C724 /* Assets.xcassets in Resources */ = {isa = PBXBuildFile; fileRef = 6D29D4DB1C5853D90003C724 /* Assets.xcassets */; };
		6D29D4DF1C5853D90003C724 /* LaunchScreen.storyboard in Resources */ = {isa = PBXBuildFile; fileRef = 6D29D4DD1C5853D90003C724 /* LaunchScreen.storyboard */; };
		6D29D4EA1C5853D90003C724 /* CyclePlayViewStudyTests.m in Sources */ = {isa = PBXBuildFile; fileRef = 6D29D4E91C5853D90003C724 /* CyclePlayViewStudyTests.m */; };
		6D29D4F51C5853D90003C724 /* CyclePlayViewStudyUITests.m in Sources */ = {isa = PBXBuildFile; fileRef = 6D29D4F41C5853D90003C724 /* CyclePlayViewStudyUITests.m */; };
		6D29D5051C58544C0003C724 /* CyclePlayView.m in Sources */ = {isa = PBXBuildFile; fileRef = 6D29D5041C58544C0003C724 /* CyclePlayView.m */; };
		6D29D5281C585E670003C724 /* MKAnnotationView+WebCache.m in Sources */ = {isa = PBXBuildFile; fileRef = 6D29D5081C585E670003C724 /* MKAnnotationView+WebCache.m */; };
		6D29D5291C585E670003C724 /* NSData+ImageContentType.m in Sources */ = {isa = PBXBuildFile; fileRef = 6D29D50A1C585E670003C724 /* NSData+ImageContentType.m */; };
		6D29D52A1C585E670003C724 /* SDImageCache.m in Sources */ = {isa = PBXBuildFile; fileRef = 6D29D50C1C585E670003C724 /* SDImageCache.m */; };
		6D29D52B1C585E670003C724 /* SDWebImageCompat.m in Sources */ = {isa = PBXBuildFile; fileRef = 6D29D50E1C585E670003C724 /* SDWebImageCompat.m */; };
		6D29D52C1C585E670003C724 /* SDWebImageDecoder.m in Sources */ = {isa = PBXBuildFile; fileRef = 6D29D5101C585E670003C724 /* SDWebImageDecoder.m */; };
		6D29D52D1C585E670003C724 /* SDWebImageDownloader.m in Sources */ = {isa = PBXBuildFile; fileRef = 6D29D5121C585E670003C724 /* SDWebImageDownloader.m */; };
		6D29D52E1C585E670003C724 /* SDWebImageDownloaderOperation.m in Sources */ = {isa = PBXBuildFile; fileRef = 6D29D5141C585E670003C724 /* SDWebImageDownloaderOperation.m */; };
		6D29D52F1C585E670003C724 /* SDWebImageManager.m in Sources */ = {isa = PBXBuildFile; fileRef = 6D29D5161C585E670003C724 /* SDWebImageManager.m */; };
		6D29D5301C585E670003C724 /* SDWebImagePrefetcher.m in Sources */ = {isa = PBXBuildFile; fileRef = 6D29D5191C585E670003C724 /* SDWebImagePrefetcher.m */; };
		6D29D5311C585E670003C724 /* UIButton+WebCache.m in Sources */ = {isa = PBXBuildFile; fileRef = 6D29D51B1C585E670003C724 /* UIButton+WebCache.m */; };
		6D29D5321C585E670003C724 /* UIImage+GIF.m in Sources */ = {isa = PBXBuildFile; fileRef = 6D29D51D1C585E670003C724 /* UIImage+GIF.m */; };
		6D29D5331C585E670003C724 /* UIImage+MultiFormat.m in Sources */ = {isa = PBXBuildFile; fileRef = 6D29D51F1C585E670003C724 /* UIImage+MultiFormat.m */; };
		6D29D5341C585E670003C724 /* UIImage+WebP.m in Sources */ = {isa = PBXBuildFile; fileRef = 6D29D5211C585E670003C724 /* UIImage+WebP.m */; };
		6D29D5351C585E670003C724 /* UIImageView+HighlightedWebCache.m in Sources */ = {isa = PBXBuildFile; fileRef = 6D29D5231C585E670003C724 /* UIImageView+HighlightedWebCache.m */; };
		6D29D5361C585E670003C724 /* UIImageView+WebCache.m in Sources */ = {isa = PBXBuildFile; fileRef = 6D29D5251C585E670003C724 /* UIImageView+WebCache.m */; };
		6D29D5371C585E670003C724 /* UIView+WebCacheOperation.m in Sources */ = {isa = PBXBuildFile; fileRef = 6D29D5271C585E670003C724 /* UIView+WebCacheOperation.m */; };
		6D29D53B1C5869B90003C724 /* UIViewController+Frame.m in Sources */ = {isa = PBXBuildFile; fileRef = 6D29D53A1C5869B90003C724 /* UIViewController+Frame.m */; };
		6D29D5421C586A160003C724 /* img_01.png in Resources */ = {isa = PBXBuildFile; fileRef = 6D29D53D1C586A160003C724 /* img_01.png */; };
		6D29D5431C586A160003C724 /* img_02.png in Resources */ = {isa = PBXBuildFile; fileRef = 6D29D53E1C586A160003C724 /* img_02.png */; };
		6D29D5441C586A160003C724 /* img_03.png in Resources */ = {isa = PBXBuildFile; fileRef = 6D29D53F1C586A160003C724 /* img_03.png */; };
		6D29D5451C586A160003C724 /* img_04.png in Resources */ = {isa = PBXBuildFile; fileRef = 6D29D5401C586A160003C724 /* img_04.png */; };
		6D29D5461C586A160003C724 /* img_05.png in Resources */ = {isa = PBXBuildFile; fileRef = 6D29D5411C586A160003C724 /* img_05.png */; };
/* End PBXBuildFile section */

/* Begin PBXContainerItemProxy section */
		6D29D4E61C5853D90003C724 /* PBXContainerItemProxy */ = {
			isa = PBXContainerItemProxy;
			containerPortal = 6D29D4C41C5853D90003C724 /* Project object */;
			proxyType = 1;
			remoteGlobalIDString = 6D29D4CB1C5853D90003C724;
			remoteInfo = CyclePlayViewStudy;
		};
		6D29D4F11C5853D90003C724 /* PBXContainerItemProxy */ = {
			isa = PBXContainerItemProxy;
			containerPortal = 6D29D4C41C5853D90003C724 /* Project object */;
			proxyType = 1;
			remoteGlobalIDString = 6D29D4CB1C5853D90003C724;
			remoteInfo = CyclePlayViewStudy;
		};
/* End PBXContainerItemProxy section */

/* Begin PBXFileReference section */
		6D29D4CC1C5853D90003C724 /* CyclePlayViewStudy.app */ = {isa = PBXFileReference; explicitFileType = wrapper.application; includeInIndex = 0; path = CyclePlayViewStudy.app; sourceTree = BUILT_PRODUCTS_DIR; };
		6D29D4D01C5853D90003C724 /* main.m */ = {isa = PBXFileReference; lastKnownFileType = sourcecode.c.objc; path = main.m; sourceTree = "<group>"; };
		6D29D4D21C5853D90003C724 /* AppDelegate.h */ = {isa = PBXFileReference; lastKnownFileType = sourcecode.c.h; path = AppDelegate.h; sourceTree = "<group>"; };
		6D29D4D31C5853D90003C724 /* AppDelegate.m */ = {isa = PBXFileReference; lastKnownFileType = sourcecode.c.objc; path = AppDelegate.m; sourceTree = "<group>"; };
		6D29D4D51C5853D90003C724 /* ViewController.h */ = {isa = PBXFileReference; lastKnownFileType = sourcecode.c.h; path = ViewController.h; sourceTree = "<group>"; };
		6D29D4D61C5853D90003C724 /* ViewController.m */ = {isa = PBXFileReference; lastKnownFileType = sourcecode.c.objc; path = ViewController.m; sourceTree = "<group>"; };
		6D29D4D91C5853D90003C724 /* Base */ = {isa = PBXFileReference; lastKnownFileType = file.storyboard; name = Base; path = Base.lproj/Main.storyboard; sourceTree = "<group>"; };
		6D29D4DB1C5853D90003C724 /* Assets.xcassets */ = {isa = PBXFileReference; lastKnownFileType = folder.assetcatalog; path = Assets.xcassets; sourceTree = "<group>"; };
		6D29D4DE1C5853D90003C724 /* Base */ = {isa = PBXFileReference; lastKnownFileType = file.storyboard; name = Base; path = Base.lproj/LaunchScreen.storyboard; sourceTree = "<group>"; };
		6D29D4E01C5853D90003C724 /* Info.plist */ = {isa = PBXFileReference; lastKnownFileType = text.plist.xml; path = Info.plist; sourceTree = "<group>"; };
		6D29D4E51C5853D90003C724 /* CyclePlayViewStudyTests.xctest */ = {isa = PBXFileReference; explicitFileType = wrapper.cfbundle; includeInIndex = 0; path = CyclePlayViewStudyTests.xctest; sourceTree = BUILT_PRODUCTS_DIR; };
		6D29D4E91C5853D90003C724 /* CyclePlayViewStudyTests.m */ = {isa = PBXFileReference; lastKnownFileType = sourcecode.c.objc; path = CyclePlayViewStudyTests.m; sourceTree = "<group>"; };
		6D29D4EB1C5853D90003C724 /* Info.plist */ = {isa = PBXFileReference; lastKnownFileType = text.plist.xml; path = Info.plist; sourceTree = "<group>"; };
		6D29D4F01C5853D90003C724 /* CyclePlayViewStudyUITests.xctest */ = {isa = PBXFileReference; explicitFileType = wrapper.cfbundle; includeInIndex = 0; path = CyclePlayViewStudyUITests.xctest; sourceTree = BUILT_PRODUCTS_DIR; };
		6D29D4F41C5853D90003C724 /* CyclePlayViewStudyUITests.m */ = {isa = PBXFileReference; lastKnownFileType = sourcecode.c.objc; path = CyclePlayViewStudyUITests.m; sourceTree = "<group>"; };
		6D29D4F61C5853D90003C724 /* Info.plist */ = {isa = PBXFileReference; lastKnownFileType = text.plist.xml; path = Info.plist; sourceTree = "<group>"; };
		6D29D5031C58544C0003C724 /* CyclePlayView.h */ = {isa = PBXFileReference; fileEncoding = 4; lastKnownFileType = sourcecode.c.h; path = CyclePlayView.h; sourceTree = "<group>"; };
		6D29D5041C58544C0003C724 /* CyclePlayView.m */ = {isa = PBXFileReference; fileEncoding = 4; lastKnownFileType = sourcecode.c.objc; path = CyclePlayView.m; sourceTree = "<group>"; };
		6D29D5071C585E670003C724 /* MKAnnotationView+WebCache.h */ = {isa = PBXFileReference; fileEncoding = 4; lastKnownFileType = sourcecode.c.h; path = "MKAnnotationView+WebCache.h"; sourceTree = "<group>"; };
		6D29D5081C585E670003C724 /* MKAnnotationView+WebCache.m */ = {isa = PBXFileReference; fileEncoding = 4; lastKnownFileType = sourcecode.c.objc; path = "MKAnnotationView+WebCache.m"; sourceTree = "<group>"; };
		6D29D5091C585E670003C724 /* NSData+ImageContentType.h */ = {isa = PBXFileReference; fileEncoding = 4; lastKnownFileType = sourcecode.c.h; path = "NSData+ImageContentType.h"; sourceTree = "<group>"; };
		6D29D50A1C585E670003C724 /* NSData+ImageContentType.m */ = {isa = PBXFileReference; fileEncoding = 4; lastKnownFileType = sourcecode.c.objc; path = "NSData+ImageContentType.m"; sourceTree = "<group>"; };
		6D29D50B1C585E670003C724 /* SDImageCache.h */ = {isa = PBXFileReference; fileEncoding = 4; lastKnownFileType = sourcecode.c.h; path = SDImageCache.h; sourceTree = "<group>"; };
		6D29D50C1C585E670003C724 /* SDImageCache.m */ = {isa = PBXFileReference; fileEncoding = 4; lastKnownFileType = sourcecode.c.objc; path = SDImageCache.m; sourceTree = "<group>"; };
		6D29D50D1C585E670003C724 /* SDWebImageCompat.h */ = {isa = PBXFileReference; fileEncoding = 4; lastKnownFileType = sourcecode.c.h; path = SDWebImageCompat.h; sourceTree = "<group>"; };
		6D29D50E1C585E670003C724 /* SDWebImageCompat.m */ = {isa = PBXFileReference; fileEncoding = 4; lastKnownFileType = sourcecode.c.objc; path = SDWebImageCompat.m; sourceTree = "<group>"; };
		6D29D50F1C585E670003C724 /* SDWebImageDecoder.h */ = {isa = PBXFileReference; fileEncoding = 4; lastKnownFileType = sourcecode.c.h; path = SDWebImageDecoder.h; sourceTree = "<group>"; };
		6D29D5101C585E670003C724 /* SDWebImageDecoder.m */ = {isa = PBXFileReference; fileEncoding = 4; lastKnownFileType = sourcecode.c.objc; path = SDWebImageDecoder.m; sourceTree = "<group>"; };
		6D29D5111C585E670003C724 /* SDWebImageDownloader.h */ = {isa = PBXFileReference; fileEncoding = 4; lastKnownFileType = sourcecode.c.h; path = SDWebImageDownloader.h; sourceTree = "<group>"; };
		6D29D5121C585E670003C724 /* SDWebImageDownloader.m */ = {isa = PBXFileReference; fileEncoding = 4; lastKnownFileType = sourcecode.c.objc; path = SDWebImageDownloader.m; sourceTree = "<group>"; };
		6D29D5131C585E670003C724 /* SDWebImageDownloaderOperation.h */ = {isa = PBXFileReference; fileEncoding = 4; lastKnownFileType = sourcecode.c.h; path = SDWebImageDownloaderOperation.h; sourceTree = "<group>"; };
		6D29D5141C585E670003C724 /* SDWebImageDownloaderOperation.m */ = {isa = PBXFileReference; fileEncoding = 4; lastKnownFileType = sourcecode.c.objc; path = SDWebImageDownloaderOperation.m; sourceTree = "<group>"; };
		6D29D5151C585E670003C724 /* SDWebImageManager.h */ = {isa = PBXFileReference; fileEncoding = 4; lastKnownFileType = sourcecode.c.h; path = SDWebImageManager.h; sourceTree = "<group>"; };
		6D29D5161C585E670003C724 /* SDWebImageManager.m */ = {isa = PBXFileReference; fileEncoding = 4; lastKnownFileType = sourcecode.c.objc; path = SDWebImageManager.m; sourceTree = "<group>"; };
		6D29D5171C585E670003C724 /* SDWebImageOperation.h */ = {isa = PBXFileReference; fileEncoding = 4; lastKnownFileType = sourcecode.c.h; path = SDWebImageOperation.h; sourceTree = "<group>"; };
		6D29D5181C585E670003C724 /* SDWebImagePrefetcher.h */ = {isa = PBXFileReference; fileEncoding = 4; lastKnownFileType = sourcecode.c.h; path = SDWebImagePrefetcher.h; sourceTree = "<group>"; };
		6D29D5191C585E670003C724 /* SDWebImagePrefetcher.m */ = {isa = PBXFileReference; fileEncoding = 4; lastKnownFileType = sourcecode.c.objc; path = SDWebImagePrefetcher.m; sourceTree = "<group>"; };
		6D29D51A1C585E670003C724 /* UIButton+WebCache.h */ = {isa = PBXFileReference; fileEncoding = 4; lastKnownFileType = sourcecode.c.h; path = "UIButton+WebCache.h"; sourceTree = "<group>"; };
		6D29D51B1C585E670003C724 /* UIButton+WebCache.m */ = {isa = PBXFileReference; fileEncoding = 4; lastKnownFileType = sourcecode.c.objc; path = "UIButton+WebCache.m"; sourceTree = "<group>"; };
		6D29D51C1C585E670003C724 /* UIImage+GIF.h */ = {isa = PBXFileReference; fileEncoding = 4; lastKnownFileType = sourcecode.c.h; path = "UIImage+GIF.h"; sourceTree = "<group>"; };
		6D29D51D1C585E670003C724 /* UIImage+GIF.m */ = {isa = PBXFileReference; fileEncoding = 4; lastKnownFileType = sourcecode.c.objc; path = "UIImage+GIF.m"; sourceTree = "<group>"; };
		6D29D51E1C585E670003C724 /* UIImage+MultiFormat.h */ = {isa = PBXFileReference; fileEncoding = 4; lastKnownFileType = sourcecode.c.h; path = "UIImage+MultiFormat.h"; sourceTree = "<group>"; };
		6D29D51F1C585E670003C724 /* UIImage+MultiFormat.m */ = {isa = PBXFileReference; fileEncoding = 4; lastKnownFileType = sourcecode.c.objc; path = "UIImage+MultiFormat.m"; sourceTree = "<group>"; };
		6D29D5201C585E670003C724 /* UIImage+WebP.h */ = {isa = PBXFileReference; fileEncoding = 4; lastKnownFileType = sourcecode.c.h; path = "UIImage+WebP.h"; sourceTree = "<group>"; };
		6D29D5211C585E670003C724 /* UIImage+WebP.m */ = {isa = PBXFileReference; fileEncoding = 4; lastKnownFileType = sourcecode.c.objc; path = "UIImage+WebP.m"; sourceTree = "<group>"; };
		6D29D5221C585E670003C724 /* UIImageView+HighlightedWebCache.h */ = {isa = PBXFileReference; fileEncoding = 4; lastKnownFileType = sourcecode.c.h; path = "UIImageView+HighlightedWebCache.h"; sourceTree = "<group>"; };
		6D29D5231C585E670003C724 /* UIImageView+HighlightedWebCache.m */ = {isa = PBXFileReference; fileEncoding = 4; lastKnownFileType = sourcecode.c.objc; path = "UIImageView+HighlightedWebCache.m"; sourceTree = "<group>"; };
		6D29D5241C585E670003C724 /* UIImageView+WebCache.h */ = {isa = PBXFileReference; fileEncoding = 4; lastKnownFileType = sourcecode.c.h; path = "UIImageView+WebCache.h"; sourceTree = "<group>"; };
		6D29D5251C585E670003C724 /* UIImageView+WebCache.m */ = {isa = PBXFileReference; fileEncoding = 4; lastKnownFileType = sourcecode.c.objc; path = "UIImageView+WebCache.m"; sourceTree = "<group>"; };
		6D29D5261C585E670003C724 /* UIView+WebCacheOperation.h */ = {isa = PBXFileReference; fileEncoding = 4; lastKnownFileType = sourcecode.c.h; path = "UIView+WebCacheOperation.h"; sourceTree = "<group>"; };
		6D29D5271C585E670003C724 /* UIView+WebCacheOperation.m */ = {isa = PBXFileReference; fileEncoding = 4; lastKnownFileType = sourcecode.c.objc; path = "UIView+WebCacheOperation.m"; sourceTree = "<group>"; };
		6D29D5391C5869B90003C724 /* UIViewController+Frame.h */ = {isa = PBXFileReference; fileEncoding = 4; lastKnownFileType = sourcecode.c.h; path = "UIViewController+Frame.h"; sourceTree = "<group>"; };
		6D29D53A1C5869B90003C724 /* UIViewController+Frame.m */ = {isa = PBXFileReference; fileEncoding = 4; lastKnownFileType = sourcecode.c.objc; path = "UIViewController+Frame.m"; sourceTree = "<group>"; };
		6D29D53D1C586A160003C724 /* img_01.png */ = {isa = PBXFileReference; lastKnownFileType = image.png; path = img_01.png; sourceTree = "<group>"; };
		6D29D53E1C586A160003C724 /* img_02.png */ = {isa = PBXFileReference; lastKnownFileType = image.png; path = img_02.png; sourceTree = "<group>"; };
		6D29D53F1C586A160003C724 /* img_03.png */ = {isa = PBXFileReference; lastKnownFileType = image.png; path = img_03.png; sourceTree = "<group>"; };
		6D29D5401C586A160003C724 /* img_04.png */ = {isa = PBXFileReference; lastKnownFileType = image.png; path = img_04.png; sourceTree = "<group>"; };
		6D29D5411C586A160003C724 /* img_05.png */ = {isa = PBXFileReference; lastKnownFileType = image.png; path = img_05.png; sourceTree = "<group>"; };
/* End PBXFileReference section */

/* Begin PBXFrameworksBuildPhase section */
		6D29D4C91C5853D90003C724 /* Frameworks */ = {
			isa = PBXFrameworksBuildPhase;
			buildActionMask = 2147483647;
			files = (
			);
			runOnlyForDeploymentPostprocessing = 0;
		};
		6D29D4E21C5853D90003C724 /* Frameworks */ = {
			isa = PBXFrameworksBuildPhase;
			buildActionMask = 2147483647;
			files = (
			);
			runOnlyForDeploymentPostprocessing = 0;
		};
		6D29D4ED1C5853D90003C724 /* Frameworks */ = {
			isa = PBXFrameworksBuildPhase;
			buildActionMask = 2147483647;
			files = (
			);
			runOnlyForDeploymentPostprocessing = 0;
		};
/* End PBXFrameworksBuildPhase section */

/* Begin PBXGroup section */
		6D29D4C31C5853D90003C724 = {
			isa = PBXGroup;
			children = (
				6D29D4CE1C5853D90003C724 /* CyclePlayViewStudy */,
				6D29D4E81C5853D90003C724 /* CyclePlayViewStudyTests */,
				6D29D4F31C5853D90003C724 /* CyclePlayViewStudyUITests */,
				6D29D4CD1C5853D90003C724 /* Products */,
			);
			sourceTree = "<group>";
		};
		6D29D4CD1C5853D90003C724 /* Products */ = {
			isa = PBXGroup;
			children = (
				6D29D4CC1C5853D90003C724 /* CyclePlayViewStudy.app */,
				6D29D4E51C5853D90003C724 /* CyclePlayViewStudyTests.xctest */,
				6D29D4F01C5853D90003C724 /* CyclePlayViewStudyUITests.xctest */,
			);
			name = Products;
			sourceTree = "<group>";
		};
		6D29D4CE1C5853D90003C724 /* CyclePlayViewStudy */ = {
			isa = PBXGroup;
			children = (
				6D29D53C1C586A160003C724 /* image */,
				6D29D5381C5869B90003C724 /* category */,
				6D29D5061C585E670003C724 /* SDWebImage */,
				6D29D5021C5853FE0003C724 /* CyclePlayView */,
				6D29D4D21C5853D90003C724 /* AppDelegate.h */,
				6D29D4D31C5853D90003C724 /* AppDelegate.m */,
				6D29D4D51C5853D90003C724 /* ViewController.h */,
				6D29D4D61C5853D90003C724 /* ViewController.m */,
				6D29D4D81C5853D90003C724 /* Main.storyboard */,
				6D29D4DB1C5853D90003C724 /* Assets.xcassets */,
				6D29D4DD1C5853D90003C724 /* LaunchScreen.storyboard */,
				6D29D4E01C5853D90003C724 /* Info.plist */,
				6D29D4CF1C5853D90003C724 /* Supporting Files */,
			);
			path = CyclePlayViewStudy;
			sourceTree = "<group>";
		};
		6D29D4CF1C5853D90003C724 /* Supporting Files */ = {
			isa = PBXGroup;
			children = (
				6D29D4D01C5853D90003C724 /* main.m */,
			);
			name = "Supporting Files";
			sourceTree = "<group>";
		};
		6D29D4E81C5853D90003C724 /* CyclePlayViewStudyTests */ = {
			isa = PBXGroup;
			children = (
				6D29D4E91C5853D90003C724 /* CyclePlayViewStudyTests.m */,
				6D29D4EB1C5853D90003C724 /* Info.plist */,
			);
			path = CyclePlayViewStudyTests;
			sourceTree = "<group>";
		};
		6D29D4F31C5853D90003C724 /* CyclePlayViewStudyUITests */ = {
			isa = PBXGroup;
			children = (
				6D29D4F41C5853D90003C724 /* CyclePlayViewStudyUITests.m */,
				6D29D4F61C5853D90003C724 /* Info.plist */,
			);
			path = CyclePlayViewStudyUITests;
			sourceTree = "<group>";
		};
		6D29D5021C5853FE0003C724 /* CyclePlayView */ = {
			isa = PBXGroup;
			children = (
				6D29D5031C58544C0003C724 /* CyclePlayView.h */,
				6D29D5041C58544C0003C724 /* CyclePlayView.m */,
			);
			path = CyclePlayView;
			sourceTree = "<group>";
		};
		6D29D5061C585E670003C724 /* SDWebImage */ = {
			isa = PBXGroup;
			children = (
				6D29D5071C585E670003C724 /* MKAnnotationView+WebCache.h */,
				6D29D5081C585E670003C724 /* MKAnnotationView+WebCache.m */,
				6D29D5091C585E670003C724 /* NSData+ImageContentType.h */,
				6D29D50A1C585E670003C724 /* NSData+ImageContentType.m */,
				6D29D50B1C585E670003C724 /* SDImageCache.h */,
				6D29D50C1C585E670003C724 /* SDImageCache.m */,
				6D29D50D1C585E670003C724 /* SDWebImageCompat.h */,
				6D29D50E1C585E670003C724 /* SDWebImageCompat.m */,
				6D29D50F1C585E670003C724 /* SDWebImageDecoder.h */,
				6D29D5101C585E670003C724 /* SDWebImageDecoder.m */,
				6D29D5111C585E670003C724 /* SDWebImageDownloader.h */,
				6D29D5121C585E670003C724 /* SDWebImageDownloader.m */,
				6D29D5131C585E670003C724 /* SDWebImageDownloaderOperation.h */,
				6D29D5141C585E670003C724 /* SDWebImageDownloaderOperation.m */,
				6D29D5151C585E670003C724 /* SDWebImageManager.h */,
				6D29D5161C585E670003C724 /* SDWebImageManager.m */,
				6D29D5171C585E670003C724 /* SDWebImageOperation.h */,
				6D29D5181C585E670003C724 /* SDWebImagePrefetcher.h */,
				6D29D5191C585E670003C724 /* SDWebImagePrefetcher.m */,
				6D29D51A1C585E670003C724 /* UIButton+WebCache.h */,
				6D29D51B1C585E670003C724 /* UIButton+WebCache.m */,
				6D29D51C1C585E670003C724 /* UIImage+GIF.h */,
				6D29D51D1C585E670003C724 /* UIImage+GIF.m */,
				6D29D51E1C585E670003C724 /* UIImage+MultiFormat.h */,
				6D29D51F1C585E670003C724 /* UIImage+MultiFormat.m */,
				6D29D5201C585E670003C724 /* UIImage+WebP.h */,
				6D29D5211C585E670003C724 /* UIImage+WebP.m */,
				6D29D5221C585E670003C724 /* UIImageView+HighlightedWebCache.h */,
				6D29D5231C585E670003C724 /* UIImageView+HighlightedWebCache.m */,
				6D29D5241C585E670003C724 /* UIImageView+WebCache.h */,
				6D29D5251C585E670003C724 /* UIImageView+WebCache.m */,
				6D29D5261C585E670003C724 /* UIView+WebCacheOperation.h */,
				6D29D5271C585E670003C724 /* UIView+WebCacheOperation.m */,
			);
			path = SDWebImage;
			sourceTree = "<group>";
		};
		6D29D5381C5869B90003C724 /* category */ = {
			isa = PBXGroup;
			children = (
				6D29D5391C5869B90003C724 /* UIViewController+Frame.h */,
				6D29D53A1C5869B90003C724 /* UIViewController+Frame.m */,
			);
			path = category;
			sourceTree = "<group>";
		};
		6D29D53C1C586A160003C724 /* image */ = {
			isa = PBXGroup;
			children = (
				6D29D53D1C586A160003C724 /* img_01.png */,
				6D29D53E1C586A160003C724 /* img_02.png */,
				6D29D53F1C586A160003C724 /* img_03.png */,
				6D29D5401C586A160003C724 /* img_04.png */,
				6D29D5411C586A160003C724 /* img_05.png */,
			);
			path = image;
			sourceTree = "<group>";
		};
/* End PBXGroup section */

/* Begin PBXNativeTarget section */
		6D29D4CB1C5853D90003C724 /* CyclePlayViewStudy */ = {
			isa = PBXNativeTarget;
			buildConfigurationList = 6D29D4F91C5853D90003C724 /* Build configuration list for PBXNativeTarget "CyclePlayViewStudy" */;
			buildPhases = (
				6D29D4C81C5853D90003C724 /* Sources */,
				6D29D4C91C5853D90003C724 /* Frameworks */,
				6D29D4CA1C5853D90003C724 /* Resources */,
			);
			buildRules = (
			);
			dependencies = (
			);
			name = CyclePlayViewStudy;
			productName = CyclePlayViewStudy;
			productReference = 6D29D4CC1C5853D90003C724 /* CyclePlayViewStudy.app */;
			productType = "com.apple.product-type.application";
		};
		6D29D4E41C5853D90003C724 /* CyclePlayViewStudyTests */ = {
			isa = PBXNativeTarget;
			buildConfigurationList = 6D29D4FC1C5853D90003C724 /* Build configuration list for PBXNativeTarget "CyclePlayViewStudyTests" */;
			buildPhases = (
				6D29D4E11C5853D90003C724 /* Sources */,
				6D29D4E21C5853D90003C724 /* Frameworks */,
				6D29D4E31C5853D90003C724 /* Resources */,
			);
			buildRules = (
			);
			dependencies = (
				6D29D4E71C5853D90003C724 /* PBXTargetDependency */,
			);
			name = CyclePlayViewStudyTests;
			productName = CyclePlayViewStudyTests;
			productReference = 6D29D4E51C5853D90003C724 /* CyclePlayViewStudyTests.xctest */;
			productType = "com.apple.product-type.bundle.unit-test";
		};
		6D29D4EF1C5853D90003C724 /* CyclePlayViewStudyUITests */ = {
			isa = PBXNativeTarget;
			buildConfigurationList = 6D29D4FF1C5853D90003C724 /* Build configuration list for PBXNativeTarget "CyclePlayViewStudyUITests" */;
			buildPhases = (
				6D29D4EC1C5853D90003C724 /* Sources */,
				6D29D4ED1C5853D90003C724 /* Frameworks */,
				6D29D4EE1C5853D90003C724 /* Resources */,
			);
			buildRules = (
			);
			dependencies = (
				6D29D4F21C5853D90003C724 /* PBXTargetDependency */,
			);
			name = CyclePlayViewStudyUITests;
			productName = CyclePlayViewStudyUITests;
			productReference = 6D29D4F01C5853D90003C724 /* CyclePlayViewStudyUITests.xctest */;
			productType = "com.apple.product-type.bundle.ui-testing";
		};
/* End PBXNativeTarget section */

/* Begin PBXProject section */
		6D29D4C41C5853D90003C724 /* Project object */ = {
			isa = PBXProject;
			attributes = {
				LastUpgradeCheck = 0720;
				ORGANIZATIONNAME = caiqiujun;
				TargetAttributes = {
					6D29D4CB1C5853D90003C724 = {
						CreatedOnToolsVersion = 7.2;
						DevelopmentTeam = X526TPT6FS;
					};
					6D29D4E41C5853D90003C724 = {
						CreatedOnToolsVersion = 7.2;
						DevelopmentTeam = X526TPT6FS;
						TestTargetID = 6D29D4CB1C5853D90003C724;
					};
					6D29D4EF1C5853D90003C724 = {
						CreatedOnToolsVersion = 7.2;
						DevelopmentTeam = X526TPT6FS;
						TestTargetID = 6D29D4CB1C5853D90003C724;
					};
				};
			};
			buildConfigurationList = 6D29D4C71C5853D90003C724 /* Build configuration list for PBXProject "CyclePlayViewStudy" */;
			compatibilityVersion = "Xcode 3.2";
			developmentRegion = English;
			hasScannedForEncodings = 0;
			knownRegions = (
				en,
				Base,
			);
			mainGroup = 6D29D4C31C5853D90003C724;
			productRefGroup = 6D29D4CD1C5853D90003C724 /* Products */;
			projectDirPath = "";
			projectRoot = "";
			targets = (
				6D29D4CB1C5853D90003C724 /* CyclePlayViewStudy */,
				6D29D4E41C5853D90003C724 /* CyclePlayViewStudyTests */,
				6D29D4EF1C5853D90003C724 /* CyclePlayViewStudyUITests */,
			);
		};
/* End PBXProject section */

/* Begin PBXResourcesBuildPhase section */
		6D29D4CA1C5853D90003C724 /* Resources */ = {
			isa = PBXResourcesBuildPhase;
			buildActionMask = 2147483647;
			files = (
				6D29D5451C586A160003C724 /* img_04.png in Resources */,
				6D29D4DF1C5853D90003C724 /* LaunchScreen.storyboard in Resources */,
				6D29D5431C586A160003C724 /* img_02.png in Resources */,
				6D29D5441C586A160003C724 /* img_03.png in Resources */,
				6D29D4DC1C5853D90003C724 /* Assets.xcassets in Resources */,
				6D29D5421C586A160003C724 /* img_01.png in Resources */,
				6D29D5461C586A160003C724 /* img_05.png in Resources */,
				6D29D4DA1C5853D90003C724 /* Main.storyboard in Resources */,
			);
			runOnlyForDeploymentPostprocessing = 0;
		};
		6D29D4E31C5853D90003C724 /* Resources */ = {
			isa = PBXResourcesBuildPhase;
			buildActionMask = 2147483647;
			files = (
			);
			runOnlyForDeploymentPostprocessing = 0;
		};
		6D29D4EE1C5853D90003C724 /* Resources */ = {
			isa = PBXResourcesBuildPhase;
			buildActionMask = 2147483647;
			files = (
			);
			runOnlyForDeploymentPostprocessing = 0;
		};
/* End PBXResourcesBuildPhase section */

/* Begin PBXSourcesBuildPhase section */
		6D29D4C81C5853D90003C724 /* Sources */ = {
			isa = PBXSourcesBuildPhase;
			buildActionMask = 2147483647;
			files = (
				6D29D5351C585E670003C724 /* UIImageView+HighlightedWebCache.m in Sources */,
				6D29D5331C585E670003C724 /* UIImage+MultiFormat.m in Sources */,
				6D29D52E1C585E670003C724 /* SDWebImageDownloaderOperation.m in Sources */,
				6D29D4D71C5853D90003C724 /* ViewController.m in Sources */,
				6D29D52B1C585E670003C724 /* SDWebImageCompat.m in Sources */,
				6D29D5321C585E670003C724 /* UIImage+GIF.m in Sources */,
				6D29D5301C585E670003C724 /* SDWebImagePrefetcher.m in Sources */,
				6D29D4D41C5853D90003C724 /* AppDelegate.m in Sources */,
				6D29D53B1C5869B90003C724 /* UIViewController+Frame.m in Sources */,
				6D29D4D11C5853D90003C724 /* main.m in Sources */,
				6D29D5341C585E670003C724 /* UIImage+WebP.m in Sources */,
				6D29D5361C585E670003C724 /* UIImageView+WebCache.m in Sources */,
				6D29D52D1C585E670003C724 /* SDWebImageDownloader.m in Sources */,
				6D29D5371C585E670003C724 /* UIView+WebCacheOperation.m in Sources */,
				6D29D5311C585E670003C724 /* UIButton+WebCache.m in Sources */,
				6D29D5281C585E670003C724 /* MKAnnotationView+WebCache.m in Sources */,
				6D29D5291C585E670003C724 /* NSData+ImageContentType.m in Sources */,
				6D29D5051C58544C0003C724 /* CyclePlayView.m in Sources */,
				6D29D52F1C585E670003C724 /* SDWebImageManager.m in Sources */,
				6D29D52C1C585E670003C724 /* SDWebImageDecoder.m in Sources */,
				6D29D52A1C585E670003C724 /* SDImageCache.m in Sources */,
			);
			runOnlyForDeploymentPostprocessing = 0;
		};
		6D29D4E11C5853D90003C724 /* Sources */ = {
			isa = PBXSourcesBuildPhase;
			buildActionMask = 2147483647;
			files = (
				6D29D4EA1C5853D90003C724 /* CyclePlayViewStudyTests.m in Sources */,
			);
			runOnlyForDeploymentPostprocessing = 0;
		};
		6D29D4EC1C5853D90003C724 /* Sources */ = {
			isa = PBXSourcesBuildPhase;
			buildActionMask = 2147483647;
			files = (
				6D29D4F51C5853D90003C724 /* CyclePlayViewStudyUITests.m in Sources */,
			);
			runOnlyForDeploymentPostprocessing = 0;
		};
/* End PBXSourcesBuildPhase section */

/* Begin PBXTargetDependency section */
		6D29D4E71C5853D90003C724 /* PBXTargetDependency */ = {
			isa = PBXTargetDependency;
			target = 6D29D4CB1C5853D90003C724 /* CyclePlayViewStudy */;
			targetProxy = 6D29D4E61C5853D90003C724 /* PBXContainerItemProxy */;
		};
		6D29D4F21C5853D90003C724 /* PBXTargetDependency */ = {
			isa = PBXTargetDependency;
			target = 6D29D4CB1C5853D90003C724 /* CyclePlayViewStudy */;
			targetProxy = 6D29D4F11C5853D90003C724 /* PBXContainerItemProxy */;
		};
/* End PBXTargetDependency section */

/* Begin PBXVariantGroup section */
		6D29D4D81C5853D90003C724 /* Main.storyboard */ = {
			isa = PBXVariantGroup;
			children = (
				6D29D4D91C5853D90003C724 /* Base */,
			);
			name = Main.storyboard;
			sourceTree = "<group>";
		};
		6D29D4DD1C5853D90003C724 /* LaunchScreen.storyboard */ = {
			isa = PBXVariantGroup;
			children = (
				6D29D4DE1C5853D90003C724 /* Base */,
			);
			name = LaunchScreen.storyboard;
			sourceTree = "<group>";
		};
/* End PBXVariantGroup section */

/* Begin XCBuildConfiguration section */
		6D29D4F71C5853D90003C724 /* Debug */ = {
			isa = XCBuildConfiguration;
			buildSettings = {
				ALWAYS_SEARCH_USER_PATHS = NO;
				CLANG_CXX_LANGUAGE_STANDARD = "gnu++0x";
				CLANG_CXX_LIBRARY = "libc++";
				CLANG_ENABLE_MODULES = YES;
				CLANG_ENABLE_OBJC_ARC = YES;
				CLANG_WARN_BOOL_CONVERSION = YES;
				CLANG_WARN_CONSTANT_CONVERSION = YES;
				CLANG_WARN_DIRECT_OBJC_ISA_USAGE = YES_ERROR;
				CLANG_WARN_EMPTY_BODY = YES;
				CLANG_WARN_ENUM_CONVERSION = YES;
				CLANG_WARN_INT_CONVERSION = YES;
				CLANG_WARN_OBJC_ROOT_CLASS = YES_ERROR;
				CLANG_WARN_UNREACHABLE_CODE = YES;
				CLANG_WARN__DUPLICATE_METHOD_MATCH = YES;
				"CODE_SIGN_IDENTITY[sdk=iphoneos*]" = "iPhone Developer";
				COPY_PHASE_STRIP = NO;
				DEBUG_INFORMATION_FORMAT = dwarf;
				ENABLE_STRICT_OBJC_MSGSEND = YES;
				ENABLE_TESTABILITY = YES;
				GCC_C_LANGUAGE_STANDARD = gnu99;
				GCC_DYNAMIC_NO_PIC = NO;
				GCC_NO_COMMON_BLOCKS = YES;
				GCC_OPTIMIZATION_LEVEL = 0;
				GCC_PREPROCESSOR_DEFINITIONS = (
					"DEBUG=1",
					"$(inherited)",
				);
				GCC_WARN_64_TO_32_BIT_CONVERSION = YES;
				GCC_WARN_ABOUT_RETURN_TYPE = YES_ERROR;
				GCC_WARN_UNDECLARED_SELECTOR = YES;
				GCC_WARN_UNINITIALIZED_AUTOS = YES_AGGRESSIVE;
				GCC_WARN_UNUSED_FUNCTION = YES;
				GCC_WARN_UNUSED_VARIABLE = YES;
				IPHONEOS_DEPLOYMENT_TARGET = 9.2;
				MTL_ENABLE_DEBUG_INFO = YES;
				ONLY_ACTIVE_ARCH = YES;
				SDKROOT = iphoneos;
			};
			name = Debug;
		};
		6D29D4F81C5853D90003C724 /* Release */ = {
			isa = XCBuildConfiguration;
			buildSettings = {
				ALWAYS_SEARCH_USER_PATHS = NO;
				CLANG_CXX_LANGUAGE_STANDARD = "gnu++0x";
				CLANG_CXX_LIBRARY = "libc++";
				CLANG_ENABLE_MODULES = YES;
				CLANG_ENABLE_OBJC_ARC = YES;
				CLANG_WARN_BOOL_CONVERSION = YES;
				CLANG_WARN_CONSTANT_CONVERSION = YES;
				CLANG_WARN_DIRECT_OBJC_ISA_USAGE = YES_ERROR;
				CLANG_WARN_EMPTY_BODY = YES;
				CLANG_WARN_ENUM_CONVERSION = YES;
				CLANG_WARN_INT_CONVERSION = YES;
				CLANG_WARN_OBJC_ROOT_CLASS = YES_ERROR;
				CLANG_WARN_UNREACHABLE_CODE = YES;
				CLANG_WARN__DUPLICATE_METHOD_MATCH = YES;
				"CODE_SIGN_IDENTITY[sdk=iphoneos*]" = "iPhone Developer";
				COPY_PHASE_STRIP = NO;
				DEBUG_INFORMATION_FORMAT = "dwarf-with-dsym";
				ENABLE_NS_ASSERTIONS = NO;
				ENABLE_STRICT_OBJC_MSGSEND = YES;
				GCC_C_LANGUAGE_STANDARD = gnu99;
				GCC_NO_COMMON_BLOCKS = YES;
				GCC_WARN_64_TO_32_BIT_CONVERSION = YES;
				GCC_WARN_ABOUT_RETURN_TYPE = YES_ERROR;
				GCC_WARN_UNDECLARED_SELECTOR = YES;
				GCC_WARN_UNINITIALIZED_AUTOS = YES_AGGRESSIVE;
				GCC_WARN_UNUSED_FUNCTION = YES;
				GCC_WARN_UNUSED_VARIABLE = YES;
				IPHONEOS_DEPLOYMENT_TARGET = 9.2;
				MTL_ENABLE_DEBUG_INFO = NO;
				SDKROOT = iphoneos;
				VALIDATE_PRODUCT = YES;
			};
			name = Release;
		};
		6D29D4FA1C5853D90003C724 /* Debug */ = {
			isa = XCBuildConfiguration;
			buildSettings = {
				ASSETCATALOG_COMPILER_APPICON_NAME = AppIcon;
				INFOPLIST_FILE = CyclePlayViewStudy/Info.plist;
				LD_RUNPATH_SEARCH_PATHS = "$(inherited) @executable_path/Frameworks";
				PRODUCT_BUNDLE_IDENTIFIER = caiqiujun.CyclePlayViewStudy;
				PRODUCT_NAME = "$(TARGET_NAME)";
			};
			name = Debug;
		};
		6D29D4FB1C5853D90003C724 /* Release */ = {
			isa = XCBuildConfiguration;
			buildSettings = {
				ASSETCATALOG_COMPILER_APPICON_NAME = AppIcon;
				INFOPLIST_FILE = CyclePlayViewStudy/Info.plist;
				LD_RUNPATH_SEARCH_PATHS = "$(inherited) @executable_path/Frameworks";
				PRODUCT_BUNDLE_IDENTIFIER = caiqiujun.CyclePlayViewStudy;
				PRODUCT_NAME = "$(TARGET_NAME)";
			};
			name = Release;
		};
		6D29D4FD1C5853D90003C724 /* Debug */ = {
			isa = XCBuildConfiguration;
			buildSettings = {
				BUNDLE_LOADER = "$(TEST_HOST)";
				INFOPLIST_FILE = CyclePlayViewStudyTests/Info.plist;
				LD_RUNPATH_SEARCH_PATHS = "$(inherited) @executable_path/Frameworks @loader_path/Frameworks";
				PRODUCT_BUNDLE_IDENTIFIER = caiqiujun.CyclePlayViewStudyTests;
				PRODUCT_NAME = "$(TARGET_NAME)";
				TEST_HOST = "$(BUILT_PRODUCTS_DIR)/CyclePlayViewStudy.app/CyclePlayViewStudy";
			};
			name = Debug;
		};
		6D29D4FE1C5853D90003C724 /* Release */ = {
			isa = XCBuildConfiguration;
			buildSettings = {
				BUNDLE_LOADER = "$(TEST_HOST)";
				INFOPLIST_FILE = CyclePlayViewStudyTests/Info.plist;
				LD_RUNPATH_SEARCH_PATHS = "$(inherited) @executable_path/Frameworks @loader_path/Frameworks";
				PRODUCT_BUNDLE_IDENTIFIER = caiqiujun.CyclePlayViewStudyTests;
				PRODUCT_NAME = "$(TARGET_NAME)";
				TEST_HOST = "$(BUILT_PRODUCTS_DIR)/CyclePlayViewStudy.app/CyclePlayViewStudy";
			};
			name = Release;
		};
		6D29D5001C5853D90003C724 /* Debug */ = {
			isa = XCBuildConfiguration;
			buildSettings = {
				INFOPLIST_FILE = CyclePlayViewStudyUITests/Info.plist;
				LD_RUNPATH_SEARCH_PATHS = "$(inherited) @executable_path/Frameworks @loader_path/Frameworks";
				PRODUCT_BUNDLE_IDENTIFIER = caiqiujun.CyclePlayViewStudyUITests;
				PRODUCT_NAME = "$(TARGET_NAME)";
				TEST_TARGET_NAME = CyclePlayViewStudy;
				USES_XCTRUNNER = YES;
			};
			name = Debug;
		};
		6D29D5011C5853D90003C724 /* Release */ = {
			isa = XCBuildConfiguration;
			buildSettings = {
				INFOPLIST_FILE = CyclePlayViewStudyUITests/Info.plist;
				LD_RUNPATH_SEARCH_PATHS = "$(inherited) @executable_path/Frameworks @loader_path/Frameworks";
				PRODUCT_BUNDLE_IDENTIFIER = caiqiujun.CyclePlayViewStudyUITests;
				PRODUCT_NAME = "$(TARGET_NAME)";
				TEST_TARGET_NAME = CyclePlayViewStudy;
				USES_XCTRUNNER = YES;
			};
			name = Release;
		};
/* End XCBuildConfiguration section */

/* Begin XCConfigurationList section */
		6D29D4C71C5853D90003C724 /* Build configuration list for PBXProject "CyclePlayViewStudy" */ = {
			isa = XCConfigurationList;
			buildConfigurations = (
				6D29D4F71C5853D90003C724 /* Debug */,
				6D29D4F81C5853D90003C724 /* Release */,
			);
			defaultConfigurationIsVisible = 0;
			defaultConfigurationName = Release;
		};
		6D29D4F91C5853D90003C724 /* Build configuration list for PBXNativeTarget "CyclePlayViewStudy" */ = {
			isa = XCConfigurationList;
			buildConfigurations = (
				6D29D4FA1C5853D90003C724 /* Debug */,
				6D29D4FB1C5853D90003C724 /* Release */,
			);
			defaultConfigurationIsVisible = 0;
		};
		6D29D4FC1C5853D90003C724 /* Build configuration list for PBXNativeTarget "CyclePlayViewStudyTests" */ = {
			isa = XCConfigurationList;
			buildConfigurations = (
				6D29D4FD1C5853D90003C724 /* Debug */,
				6D29D4FE1C5853D90003C724 /* Release */,
			);
			defaultConfigurationIsVisible = 0;
		};
		6D29D4FF1C5853D90003C724 /* Build configuration list for PBXNativeTarget "CyclePlayViewStudyUITests" */ = {
			isa = XCConfigurationList;
			buildConfigurations = (
				6D29D5001C5853D90003C724 /* Debug */,
				6D29D5011C5853D90003C724 /* Release */,
			);
			defaultConfigurationIsVisible = 0;
		};
/* End XCConfigurationList section */
	};
	rootObject = 6D29D4C41C5853D90003C724 /* Project object */;
}
